{
  "originHash" : "d949cec6851e2c9f8c2d57868882615ca83b5aecfeba8cb04ecd075710b56d82",
  "pins" : [
    {
      "identity" : "swift-rs",
      "kind" : "remoteSourceControl",
      "location" : "https://github.com/Brendonovich/swift-rs",
      "state" : {
        "revision" : "b5ed223fcdab165bc21219c1925dc1e77e2bef5e",
        "version" : "1.0.6"
      }
    }
  ],
  "version" : 3
}
